
Microsoft Visual Studio Solution File, Format Version 12.00
# Visual Studio Version 17
VisualStudioVersion = 17.0.31903.59
MinimumVisualStudioVersion = 10.0.40219.1
Project("{FAE04EC0-301F-11D3-BF4B-00C04F79EFBC}") = "ProjectAegis.Delegation", "src\ProjectAegis.Delegation\ProjectAegis.Delegation.csproj", "{A1B2C3D4-E5F6-7890-ABCD-EF1234567890}"
EndProject
Project("{FAE04EC0-301F-11D3-BF4B-00C04F79EFBC}") = "ProjectAegis.Delegation.Tests", "src\ProjectAegis.Delegation.Tests\ProjectAegis.Delegation.Tests.csproj", "{B2C3D4E5-F6A7-8901-BCDE-F12345678901}"
EndProject
Project("{FAE04EC0-301F-11D3-BF4B-00C04F79EFBC}") = "ProjectAegis.Delegation.Demo", "src\ProjectAegis.Delegation.Demo\ProjectAegis.Delegation.Demo.csproj", "{C3D4E5F6-A7B8-9012-CDEF-123456789012}"
EndProject
Project("{2150E333-8FDC-42A3-9474-1A3956D46DE8}") = "src", "src", "{781C214C-CA04-46D6-99A4-82828530E562}"
EndProject
Project("{FAE04EC0-301F-11D3-BF4B-00C04F79EFBC}") = "ProjectAegis.Delegation.UnityAdapter", "src\ProjectAegis.Delegation.UnityAdapter\ProjectAegis.Delegation.UnityAdapter.csproj", "{A068AFDE-B693-447E-AF10-966058582907}"
EndProject
Project("{FAE04EC0-301F-11D3-BF4B-00C04F79EFBC}") = "ProjectAegis.Delegation.UnityAdapter.Tests", "src\ProjectAegis.Delegation.UnityAdapter.Tests\ProjectAegis.Delegation.UnityAdapter.Tests.csproj", "{B6C0C978-0D2C-46A7-90CD-D43C5D12EB21}"
EndProject
Project("{FAE04EC0-301F-11D3-BF4B-00C04F79EFBC}") = "ProjectAegis.Sim", "src\ProjectAegis.Sim\ProjectAegis.Sim.csproj", "{D4E5F6A7-B8C9-0123-DEF0-234567890123}"
EndProject
Project("{FAE04EC0-301F-11D3-BF4B-00C04F79EFBC}") = "ProjectAegis.Sim.Tests", "src\ProjectAegis.Sim.Tests\ProjectAegis.Sim.Tests.csproj", "{E5F6A7B8-C9D0-1234-EF01-345678901234}"
EndProject
Project("{FAE04EC0-301F-11D3-BF4B-00C04F79EFBC}") = "ProjectAegis.Data", "src\ProjectAegis.Data\ProjectAegis.Data.csproj", "{79039B29-DF98-4859-AEB9-002BDA759D0A}"
EndProject
Project("{FAE04EC0-301F-11D3-BF4B-00C04F79EFBC}") = "ProjectAegis.Data.Tests", "src\ProjectAegis.Data.Tests\ProjectAegis.Data.Tests.csproj", "{F721B3B1-8BC5-4F63-922B-A478E909124C}"
EndProject
Project("{FAE04EC0-301F-11D3-BF4B-00C04F79EFBC}") = "ProjectAegis.MissionEditor.Cli", "src\ProjectAegis.MissionEditor.Cli\ProjectAegis.MissionEditor.Cli.csproj", "{CFA78D6F-88C9-44DD-B19D-7470284E9997}"
EndProject
Project("{FAE04EC0-301F-11D3-BF4B-00C04F79EFBC}") = "ProjectAegis.MissionEditor.Cli.Tests", "src\ProjectAegis.MissionEditor.Cli.Tests\ProjectAegis.MissionEditor.Cli.Tests.csproj", "{1B1083DD-738B-4F2A-A988-15D695B92CE8}"
EndProject
Project("{FAE04EC0-301F-11D3-BF4B-00C04F79EFBC}") = "ProjectAegis.Data.Excel", "src\ProjectAegis.Data.Excel\ProjectAegis.Data.Excel.csproj", "{7F5CAC72-1A04-45D1-99B6-628B76E9B38A}"
EndProject
Project("{FAE04EC0-301F-11D3-BF4B-00C04F79EFBC}") = "ProjectAegis.Data.Excel.Tests", "src\ProjectAegis.Data.Excel.Tests\ProjectAegis.Data.Excel.Tests.csproj", "{24624DD0-1392-4ABD-9F95-2A513CC90A67}"
EndProject
Global
	GlobalSection(SolutionConfigurationPlatforms) = preSolution
		Debug|Any CPU = Debug|Any CPU
		Debug|x64 = Debug|x64
		Debug|x86 = Debug|x86
		Release|Any CPU = Release|Any CPU
		Release|x64 = Release|x64
		Release|x86 = Release|x86
	EndGlobalSection
	GlobalSection(ProjectConfigurationPlatforms) = postSolution
		{A1B2C3D4-E5F6-7890-ABCD-EF1234567890}.Debug|Any CPU.ActiveCfg = Debug|Any CPU
		{A1B2C3D4-E5F6-7890-ABCD-EF1234567890}.Debug|Any CPU.Build.0 = Debug|Any CPU
		{A1B2C3D4-E5F6-7890-ABCD-EF1234567890}.Debug|x64.ActiveCfg = Debug|Any CPU
		{A1B2C3D4-E5F6-7890-ABCD-EF1234567890}.Debug|x64.Build.0 = Debug|Any CPU
		{A1B2C3D4-E5F6-7890-ABCD-EF1234567890}.Debug|x86.ActiveCfg = Debug|Any CPU
		{A1B2C3D4-E5F6-7890-ABCD-EF1234567890}.Debug|x86.Build.0 = Debug|Any CPU
		{A1B2C3D4-E5F6-7890-ABCD-EF1234567890}.Release|Any CPU.ActiveCfg = Release|Any CPU
		{A1B2C3D4-E5F6-7890-ABCD-EF1234567890}.Release|Any CPU.Build.0 = Release|Any CPU
		{A1B2C3D4-E5F6-7890-ABCD-EF1234567890}.Release|x64.ActiveCfg = Release|Any CPU
		{A1B2C3D4-E5F6-7890-ABCD-EF1234567890}.Release|x64.Build.0 = Release|Any CPU
		{A1B2C3D4-E5F6-7890-ABCD-EF1234567890}.Release|x86.ActiveCfg = Release|Any CPU
		{A1B2C3D4-E5F6-7890-ABCD-EF1234567890}.Release|x86.Build.0 = Release|Any CPU
		{B2C3D4E5-F6A7-8901-BCDE-F12345678901}.Debug|Any CPU.ActiveCfg = Debug|Any CPU
		{B2C3D4E5-F6A7-8901-BCDE-F12345678901}.Debug|Any CPU.Build.0 = Debug|Any CPU
		{B2C3D4E5-F6A7-8901-BCDE-F12345678901}.Debug|x64.ActiveCfg = Debug|Any CPU
		{B2C3D4E5-F6A7-8901-BCDE-F12345678901}.Debug|x64.Build.0 = Debug|Any CPU
		{B2C3D4E5-F6A7-8901-BCDE-F12345678901}.Debug|x86.ActiveCfg = Debug|Any CPU
		{B2C3D4E5-F6A7-8901-BCDE-F12345678901}.Debug|x86.Build.0 = Debug|Any CPU
		{B2C3D4E5-F6A7-8901-BCDE-F12345678901}.Release|Any CPU.ActiveCfg = Release|Any CPU
		{B2C3D4E5-F6A7-8901-BCDE-F12345678901}.Release|Any CPU.Build.0 = Release|Any CPU
		{B2C3D4E5-F6A7-8901-BCDE-F12345678901}.Release|x64.ActiveCfg = Release|Any CPU
		{B2C3D4E5-F6A7-8901-BCDE-F12345678901}.Release|x64.Build.0 = Release|Any CPU
		{B2C3D4E5-F6A7-8901-BCDE-F12345678901}.Release|x86.ActiveCfg = Release|Any CPU
		{B2C3D4E5-F6A7-8901-BCDE-F12345678901}.Release|x86.Build.0 = Release|Any CPU
		{C3D4E5F6-A7B8-9012-CDEF-123456789012}.Debug|Any CPU.ActiveCfg = Debug|Any CPU
		{C3D4E5F6-A7B8-9012-CDEF-123456789012}.Debug|Any CPU.Build.0 = Debug|Any CPU
		{C3D4E5F6-A7B8-9012-CDEF-123456789012}.Debug|x64.ActiveCfg = Debug|Any CPU
		{C3D4E5F6-A7B8-9012-CDEF-123456789012}.Debug|x64.Build.0 = Debug|Any CPU
		{C3D4E5F6-A7B8-9012-CDEF-123456789012}.Debug|x86.ActiveCfg = Debug|Any CPU
		{C3D4E5F6-A7B8-9012-CDEF-123456789012}.Debug|x86.Build.0 = Debug|Any CPU
		{C3D4E5F6-A7B8-9012-CDEF-123456789012}.Release|Any CPU.ActiveCfg = Release|Any CPU
		{C3D4E5F6-A7B8-9012-CDEF-123456789012}.Release|Any CPU.Build.0 = Release|Any CPU
		{C3D4E5F6-A7B8-9012-CDEF-123456789012}.Release|x64.ActiveCfg = Release|Any CPU
		{C3D4E5F6-A7B8-9012-CDEF-123456789012}.Release|x64.Build.0 = Release|Any CPU
		{C3D4E5F6-A7B8-9012-CDEF-123456789012}.Release|x86.ActiveCfg = Release|Any CPU
		{C3D4E5F6-A7B8-9012-CDEF-123456789012}.Release|x86.Build.0 = Release|Any CPU
		{A068AFDE-B693-447E-AF10-966058582907}.Debug|Any CPU.ActiveCfg = Debug|Any CPU
		{A068AFDE-B693-447E-AF10-966058582907}.Debug|Any CPU.Build.0 = Debug|Any CPU
		{A068AFDE-B693-447E-AF10-966058582907}.Debug|x64.ActiveCfg = Debug|Any CPU
		{A068AFDE-B693-447E-AF10-966058582907}.Debug|x64.Build.0 = Debug|Any CPU
		{A068AFDE-B693-447E-AF10-966058582907}.Debug|x86.ActiveCfg = Debug|Any CPU
		{A068AFDE-B693-447E-AF10-966058582907}.Debug|x86.Build.0 = Debug|Any CPU
		{A068AFDE-B693-447E-AF10-966058582907}.Release|Any CPU.ActiveCfg = Release|Any CPU
		{A068AFDE-B693-447E-AF10-966058582907}.Release|Any CPU.Build.0 = Release|Any CPU
		{A068AFDE-B693-447E-AF10-966058582907}.Release|x64.ActiveCfg = Release|Any CPU
		{A068AFDE-B693-447E-AF10-966058582907}.Release|x64.Build.0 = Release|Any CPU
		{A068AFDE-B693-447E-AF10-966058582907}.Release|x86.ActiveCfg = Release|Any CPU
		{A068AFDE-B693-447E-AF10-966058582907}.Release|x86.Build.0 = Release|Any CPU
		{B6C0C978-0D2C-46A7-90CD-D43C5D12EB21}.Debug|Any CPU.ActiveCfg = Debug|Any CPU
		{B6C0C978-0D2C-46A7-90CD-D43C5D12EB21}.Debug|Any CPU.Build.0 = Debug|Any CPU
		{B6C0C978-0D2C-46A7-90CD-D43C5D12EB21}.Debug|x64.ActiveCfg = Debug|Any CPU
		{B6C0C978-0D2C-46A7-90CD-D43C5D12EB21}.Debug|x64.Build.0 = Debug|Any CPU
		{B6C0C978-0D2C-46A7-90CD-D43C5D12EB21}.Debug|x86.ActiveCfg = Debug|Any CPU
		{B6C0C978-0D2C-46A7-90CD-D43C5D12EB21}.Debug|x86.Build.0 = Debug|Any CPU
		{B6C0C978-0D2C-46A7-90CD-D43C5D12EB21}.Release|Any CPU.ActiveCfg = Release|Any CPU
		{B6C0C978-0D2C-46A7-90CD-D43C5D12EB21}.Release|Any CPU.Build.0 = Release|Any CPU
		{B6C0C978-0D2C-46A7-90CD-D43C5D12EB21}.Release|x64.ActiveCfg = Release|Any CPU
		{B6C0C978-0D2C-46A7-90CD-D43C5D12EB21}.Release|x64.Build.0 = Release|Any CPU
		{B6C0C978-0D2C-46A7-90CD-D43C5D12EB21}.Release|x86.ActiveCfg = Release|Any CPU
		{B6C0C978-0D2C-46A7-90CD-D43C5D12EB21}.Release|x86.Build.0 = Release|Any CPU
		{D4E5F6A7-B8C9-0123-DEF0-234567890123}.Debug|Any CPU.ActiveCfg = Debug|Any CPU
		{D4E5F6A7-B8C9-0123-DEF0-234567890123}.Debug|Any CPU.Build.0 = Debug|Any CPU
		{D4E5F6A7-B8C9-0123-DEF0-234567890123}.Debug|x64.ActiveCfg = Debug|Any CPU
		{D4E5F6A7-B8C9-0123-DEF0-234567890123}.Debug|x64.Build.0 = Debug|Any CPU
		{D4E5F6A7-B8C9-0123-DEF0-234567890123}.Debug|x86.ActiveCfg = Debug|Any CPU
		{D4E5F6A7-B8C9-0123-DEF0-234567890123}.Debug|x86.Build.0 = Debug|Any CPU
		{D4E5F6A7-B8C9-0123-DEF0-234567890123}.Release|Any CPU.ActiveCfg = Release|Any CPU
		{D4E5F6A7-B8C9-0123-DEF0-234567890123}.Release|Any CPU.Build.0 = Release|Any CPU
		{D4E5F6A7-B8C9-0123-DEF0-234567890123}.Release|x64.ActiveCfg = Release|Any CPU
		{D4E5F6A7-B8C9-0123-DEF0-234567890123}.Release|x64.Build.0 = Release|Any CPU
		{D4E5F6A7-B8C9-0123-DEF0-234567890123}.Release|x86.ActiveCfg = Release|Any CPU
		{D4E5F6A7-B8C9-0123-DEF0-234567890123}.Release|x86.Build.0 = Release|Any CPU
		{E5F6A7B8-C9D0-1234-EF01-345678901234}.Debug|Any CPU.ActiveCfg = Debug|Any CPU
		{E5F6A7B8-C9D0-1234-EF01-345678901234}.Debug|Any CPU.Build.0 = Debug|Any CPU
		{E5F6A7B8-C9D0-1234-EF01-345678901234}.Debug|x64.ActiveCfg = Debug|Any CPU
		{E5F6A7B8-C9D0-1234-EF01-345678901234}.Debug|x64.Build.0 = Debug|Any CPU
		{E5F6A7B8-C9D0-1234-EF01-345678901234}.Debug|x86.ActiveCfg = Debug|Any CPU
		{E5F6A7B8-C9D0-1234-EF01-345678901234}.Debug|x86.Build.0 = Debug|Any CPU
		{E5F6A7B8-C9D0-1234-EF01-345678901234}.Release|Any CPU.ActiveCfg = Release|Any CPU
		{E5F6A7B8-C9D0-1234-EF01-345678901234}.Release|Any CPU.Build.0 = Release|Any CPU
		{E5F6A7B8-C9D0-1234-EF01-345678901234}.Release|x64.ActiveCfg = Release|Any CPU
		{E5F6A7B8-C9D0-1234-EF01-345678901234}.Release|x64.Build.0 = Release|Any CPU
		{E5F6A7B8-C9D0-1234-EF01-345678901234}.Release|x86.ActiveCfg = Release|Any CPU
		{E5F6A7B8-C9D0-1234-EF01-345678901234}.Release|x86.Build.0 = Release|Any CPU
		{79039B29-DF98-4859-AEB9-002BDA759D0A}.Debug|Any CPU.ActiveCfg = Debug|Any CPU
		{79039B29-DF98-4859-AEB9-002BDA759D0A}.Debug|Any CPU.Build.0 = Debug|Any CPU
		{79039B29-DF98-4859-AEB9-002BDA759D0A}.Debug|x64.ActiveCfg = Debug|Any CPU
		{79039B29-DF98-4859-AEB9-002BDA759D0A}.Debug|x64.Build.0 = Debug|Any CPU
		{79039B29-DF98-4859-AEB9-002BDA759D0A}.Debug|x86.ActiveCfg = Debug|Any CPU
		{79039B29-DF98-4859-AEB9-002BDA759D0A}.Debug|x86.Build.0 = Debug|Any CPU
		{79039B29-DF98-4859-AEB9-002BDA759D0A}.Release|Any CPU.ActiveCfg = Release|Any CPU
		{79039B29-DF98-4859-AEB9-002BDA759D0A}.Release|Any CPU.Build.0 = Release|Any CPU
		{79039B29-DF98-4859-AEB9-002BDA759D0A}.Release|x64.ActiveCfg = Release|Any CPU
		{79039B29-DF98-4859-AEB9-002BDA759D0A}.Release|x64.Build.0 = Release|Any CPU
		{79039B29-DF98-4859-AEB9-002BDA759D0A}.Release|x86.ActiveCfg = Release|Any CPU
		{79039B29-DF98-4859-AEB9-002BDA759D0A}.Release|x86.Build.0 = Release|Any CPU
		{F721B3B1-8BC5-4F63-922B-A478E909124C}.Debug|Any CPU.ActiveCfg = Debug|Any CPU
		{F721B3B1-8BC5-4F63-922B-A478E909124C}.Debug|Any CPU.Build.0 = Debug|Any CPU
		{F721B3B1-8BC5-4F63-922B-A478E909124C}.Debug|x64.ActiveCfg = Debug|Any CPU
		{F721B3B1-8BC5-4F63-922B-A478E909124C}.Debug|x64.Build.0 = Debug|Any CPU
		{F721B3B1-8BC5-4F63-922B-A478E909124C}.Debug|x86.ActiveCfg = Debug|Any CPU
		{F721B3B1-8BC5-4F63-922B-A478E909124C}.Debug|x86.Build.0 = Debug|Any CPU
		{F721B3B1-8BC5-4F63-922B-A478E909124C}.Release|Any CPU.ActiveCfg = Release|Any CPU
		{F721B3B1-8BC5-4F63-922B-A478E909124C}.Release|Any CPU.Build.0 = Release|Any CPU
		{F721B3B1-8BC5-4F63-922B-A478E909124C}.Release|x64.ActiveCfg = Release|Any CPU
		{F721B3B1-8BC5-4F63-922B-A478E909124C}.Release|x64.Build.0 = Release|Any CPU
		{F721B3B1-8BC5-4F63-922B-A478E909124C}.Release|x86.ActiveCfg = Release|Any CPU
		{F721B3B1-8BC5-4F63-922B-A478E909124C}.Release|x86.Build.0 = Release|Any CPU
		{CFA78D6F-88C9-44DD-B19D-7470284E9997}.Debug|Any CPU.ActiveCfg = Debug|Any CPU
		{CFA78D6F-88C9-44DD-B19D-7470284E9997}.Debug|Any CPU.Build.0 = Debug|Any CPU
		{CFA78D6F-88C9-44DD-B19D-7470284E9997}.Debug|x64.ActiveCfg = Debug|Any CPU
		{CFA78D6F-88C9-44DD-B19D-7470284E9997}.Debug|x64.Build.0 = Debug|Any CPU
		{CFA78D6F-88C9-44DD-B19D-7470284E9997}.Debug|x86.ActiveCfg = Debug|Any CPU
		{CFA78D6F-88C9-44DD-B19D-7470284E9997}.Debug|x86.Build.0 = Debug|Any CPU
		{CFA78D6F-88C9-44DD-B19D-7470284E9997}.Release|Any CPU.ActiveCfg = Release|Any CPU
		{CFA78D6F-88C9-44DD-B19D-7470284E9997}.Release|Any CPU.Build.0 = Release|Any CPU
		{CFA78D6F-88C9-44DD-B19D-7470284E9997}.Release|x64.ActiveCfg = Release|Any CPU
		{CFA78D6F-88C9-44DD-B19D-7470284E9997}.Release|x64.Build.0 = Release|Any CPU
		{CFA78D6F-88C9-44DD-B19D-7470284E9997}.Release|x86.ActiveCfg = Release|Any CPU
		{CFA78D6F-88C9-44DD-B19D-7470284E9997}.Release|x86.Build.0 = Release|Any CPU
		{1B1083DD-738B-4F2A-A988-15D695B92CE8}.Debug|Any CPU.ActiveCfg = Debug|Any CPU
		{1B1083DD-738B-4F2A-A988-15D695B92CE8}.Debug|Any CPU.Build.0 = Debug|Any CPU
		{1B1083DD-738B-4F2A-A988-15D695B92CE8}.Debug|x64.ActiveCfg = Debug|Any CPU
		{1B1083DD-738B-4F2A-A988-15D695B92CE8}.Debug|x64.Build.0 = Debug|Any CPU
		{1B1083DD-738B-4F2A-A988-15D695B92CE8}.Debug|x86.ActiveCfg = Debug|Any CPU
		{1B1083DD-738B-4F2A-A988-15D695B92CE8}.Debug|x86.Build.0 = Debug|Any CPU
		{1B1083DD-738B-4F2A-A988-15D695B92CE8}.Release|Any CPU.ActiveCfg = Release|Any CPU
		{1B1083DD-738B-4F2A-A988-15D695B92CE8}.Release|Any CPU.Build.0 = Release|Any CPU
		{1B1083DD-738B-4F2A-A988-15D695B92CE8}.Release|x64.ActiveCfg = Release|Any CPU
		{1B1083DD-738B-4F2A-A988-15D695B92CE8}.Release|x64.Build.0 = Release|Any CPU
		{1B1083DD-738B-4F2A-A988-15D695B92CE8}.Release|x86.ActiveCfg = Release|Any CPU
		{1B1083DD-738B-4F2A-A988-15D695B92CE8}.Release|x86.Build.0 = Release|Any CPU
		{7F5CAC72-1A04-45D1-99B6-628B76E9B38A}.Debug|Any CPU.ActiveCfg = Debug|Any CPU
		{7F5CAC72-1A04-45D1-99B6-628B76E9B38A}.Debug|Any CPU.Build.0 = Debug|Any CPU
		{7F5CAC72-1A04-45D1-99B6-628B76E9B38A}.Debug|x64.ActiveCfg = Debug|Any CPU
		{7F5CAC72-1A04-45D1-99B6-628B76E9B38A}.Debug|x64.Build.0 = Debug|Any CPU
		{7F5CAC72-1A04-45D1-99B6-628B76E9B38A}.Debug|x86.ActiveCfg = Debug|Any CPU
		{7F5CAC72-1A04-45D1-99B6-628B76E9B38A}.Debug|x86.Build.0 = Debug|Any CPU
		{7F5CAC72-1A04-45D1-99B6-628B76E9B38A}.Release|Any CPU.ActiveCfg = Release|Any CPU
		{7F5CAC72-1A04-45D1-99B6-628B76E9B38A}.Release|Any CPU.Build.0 = Release|Any CPU
		{7F5CAC72-1A04-45D1-99B6-628B76E9B38A}.Release|x64.ActiveCfg = Release|Any CPU
		{7F5CAC72-1A04-45D1-99B6-628B76E9B38A}.Release|x64.Build.0 = Release|Any CPU
		{7F5CAC72-1A04-45D1-99B6-628B76E9B38A}.Release|x86.ActiveCfg = Release|Any CPU
		{7F5CAC72-1A04-45D1-99B6-628B76E9B38A}.Release|x86.Build.0 = Release|Any CPU
		{24624DD0-1392-4ABD-9F95-2A513CC90A67}.Debug|Any CPU.ActiveCfg = Debug|Any CPU
		{24624DD0-1392-4ABD-9F95-2A513CC90A67}.Debug|Any CPU.Build.0 = Debug|Any CPU
		{24624DD0-1392-4ABD-9F95-2A513CC90A67}.Debug|x64.ActiveCfg = Debug|Any CPU
		{24624DD0-1392-4ABD-9F95-2A513CC90A67}.Debug|x64.Build.0 = Debug|Any CPU
		{24624DD0-1392-4ABD-9F95-2A513CC90A67}.Debug|x86.ActiveCfg = Debug|Any CPU
		{24624DD0-1392-4ABD-9F95-2A513CC90A67}.Debug|x86.Build.0 = Debug|Any CPU
		{24624DD0-1392-4ABD-9F95-2A513CC90A67}.Release|Any CPU.ActiveCfg = Release|Any CPU
		{24624DD0-1392-4ABD-9F95-2A513CC90A67}.Release|Any CPU.Build.0 = Release|Any CPU
		{24624DD0-1392-4ABD-9F95-2A513CC90A67}.Release|x64.ActiveCfg = Release|Any CPU
		{24624DD0-1392-4ABD-9F95-2A513CC90A67}.Release|x64.Build.0 = Release|Any CPU
		{24624DD0-1392-4ABD-9F95-2A513CC90A67}.Release|x86.ActiveCfg = Release|Any CPU
		{24624DD0-1392-4ABD-9F95-2A513CC90A67}.Release|x86.Build.0 = Release|Any CPU
	EndGlobalSection
	GlobalSection(SolutionProperties) = preSolution
		HideSolutionNode = FALSE
	EndGlobalSection
	GlobalSection(NestedProjects) = preSolution
		{A068AFDE-B693-447E-AF10-966058582907} = {781C214C-CA04-46D6-99A4-82828530E562}
		{B6C0C978-0D2C-46A7-90CD-D43C5D12EB21} = {781C214C-CA04-46D6-99A4-82828530E562}
		{D4E5F6A7-B8C9-0123-DEF0-234567890123} = {781C214C-CA04-46D6-99A4-82828530E562}
		{E5F6A7B8-C9D0-1234-EF01-345678901234} = {781C214C-CA04-46D6-99A4-82828530E562}
		{79039B29-DF98-4859-AEB9-002BDA759D0A} = {781C214C-CA04-46D6-99A4-82828530E562}
		{F721B3B1-8BC5-4F63-922B-A478E909124C} = {781C214C-CA04-46D6-99A4-82828530E562}
		{CFA78D6F-88C9-44DD-B19D-7470284E9997} = {781C214C-CA04-46D6-99A4-82828530E562}
		{1B1083DD-738B-4F2A-A988-15D695B92CE8} = {781C214C-CA04-46D6-99A4-82828530E562}
		{7F5CAC72-1A04-45D1-99B6-628B76E9B38A} = {781C214C-CA04-46D6-99A4-82828530E562}
		{24624DD0-1392-4ABD-9F95-2A513CC90A67} = {781C214C-CA04-46D6-99A4-82828530E562}
	EndGlobalSection
EndGlobal
